// !$*UTF8*$!
{
	archiveVersion = 1;
	classes = {
	};
	objectVersion = 51;
	objects = {

/* Begin PBXBuildFile section */
		550A495D66C8C32D119D24FB /* Pods_CreditCardDemo.framework in Frameworks */ = {isa = PBXBuildFile; fileRef = 6C10B4AECC3DC95B7B699FE0 /* Pods_CreditCardDemo.framework */; };
		F285512722C34EA500D9D094 /* AppDelegate.swift in Sources */ = {isa = PBXBuildFile; fileRef = F285512622C34EA500D9D094 /* AppDelegate.swift */; };
		F285512922C34EA500D9D094 /* ViewController.swift in Sources */ = {isa = PBXBuildFile; fileRef = F285512822C34EA500D9D094 /* ViewController.swift */; };
		F285512C22C34EA500D9D094 /* Main.storyboard in Resources */ = {isa = PBXBuildFile; fileRef = F285512A22C34EA500D9D094 /* Main.storyboard */; };
		F285512E22C34EA900D9D094 /* Assets.xcassets in Resources */ = {isa = PBXBuildFile; fileRef = F285512D22C34EA900D9D094 /* Assets.xcassets */; };
		F285513122C34EA900D9D094 /* LaunchScreen.storyboard in Resources */ = {isa = PBXBuildFile; fileRef = F285512F22C34EA900D9D094 /* LaunchScreen.storyboard */; };
		F285514B22C362DA00D9D094 /* SwiftExtensions.framework in Frameworks */ = {isa = PBXBuildFile; fileRef = F285514A22C362DA00D9D094 /* SwiftExtensions.framework */; };
		F285514C22C362DA00D9D094 /* SwiftExtensions.framework in Embed Frameworks */ = {isa = PBXBuildFile; fileRef = F285514A22C362DA00D9D094 /* SwiftExtensions.framework */; settings = {ATTRIBUTES = (CodeSignOnCopy, RemoveHeadersOnCopy, ); }; };
		F2A07CFE22FD0D4000A99104 /* NewebPayKit.h in Headers */ = {isa = PBXBuildFile; fileRef = F2A07CFC22FD0D4000A99104 /* NewebPayKit.h */; settings = {ATTRIBUTES = (Public, ); }; };
		F2A07D0122FD0D4000A99104 /* NewebPayKit.framework in Frameworks */ = {isa = PBXBuildFile; fileRef = F2A07CFA22FD0D4000A99104 /* NewebPayKit.framework */; };
		F2A07D0222FD0D4000A99104 /* NewebPayKit.framework in Embed Frameworks */ = {isa = PBXBuildFile; fileRef = F2A07CFA22FD0D4000A99104 /* NewebPayKit.framework */; settings = {ATTRIBUTES = (CodeSignOnCopy, RemoveHeadersOnCopy, ); }; };
		F2A07D0722FD0D6900A99104 /* Payment.swift in Sources */ = {isa = PBXBuildFile; fileRef = F2A07D0622FD0D6900A99104 /* Payment.swift */; };
		F2A07D0922FD0DB300A99104 /* NewebPayKitDefines.swift in Sources */ = {isa = PBXBuildFile; fileRef = F2A07D0822FD0DB300A99104 /* NewebPayKitDefines.swift */; };
		F2A07D0B22FD0F3700A99104 /* PaymentParameters.swift in Sources */ = {isa = PBXBuildFile; fileRef = F2A07D0A22FD0F3700A99104 /* PaymentParameters.swift */; };
		F2A07D0D22FD0FBF00A99104 /* PaymentError.swift in Sources */ = {isa = PBXBuildFile; fileRef = F2A07D0C22FD0FBF00A99104 /* PaymentError.swift */; };
		F2A07D0F22FD0FF500A99104 /* DataKeeper.swift in Sources */ = {isa = PBXBuildFile; fileRef = F2A07D0E22FD0FF500A99104 /* DataKeeper.swift */; };
		F2A07D1122FD10FB00A99104 /* PaymentRequestController.swift in Sources */ = {isa = PBXBuildFile; fileRef = F2A07D1022FD10FB00A99104 /* PaymentRequestController.swift */; };
		F2A07D1622FD125F00A99104 /* PaymentRequestControllerDelegate.swift in Sources */ = {isa = PBXBuildFile; fileRef = F2A07D1522FD125F00A99104 /* PaymentRequestControllerDelegate.swift */; };
		F2A07D1722FD156F00A99104 /* AnchorOperator.swift in Sources */ = {isa = PBXBuildFile; fileRef = F216884922C4B78B00FFE2D0 /* AnchorOperator.swift */; };
		F2A07D1822FD157300A99104 /* ArrayExtension.swift in Sources */ = {isa = PBXBuildFile; fileRef = F216884522C49E7D00FFE2D0 /* ArrayExtension.swift */; };
		F2A07D3322FD74C200A99104 /* StringExtension.swift in Sources */ = {isa = PBXBuildFile; fileRef = F2A07D3222FD74C200A99104 /* StringExtension.swift */; };
		F2A07D3A22FD778500A99104 /* Localizable.string in Resources */ = {isa = PBXBuildFile; fileRef = F2A07D3822FD775600A99104 /* Localizable.string */; };
		FCD46D48617B1CA675865C7A /* Pods_NewebPayKit.framework in Frameworks */ = {isa = PBXBuildFile; fileRef = 55DEA278B4AA966D3170E4A3 /* Pods_NewebPayKit.framework */; };
/* End PBXBuildFile section */

/* Begin PBXContainerItemProxy section */
		F2A07CFF22FD0D4000A99104 /* PBXContainerItemProxy */ = {
			isa = PBXContainerItemProxy;
			containerPortal = F285511B22C34EA500D9D094 /* Project object */;
			proxyType = 1;
			remoteGlobalIDString = F2A07CF922FD0D4000A99104;
			remoteInfo = NewebPayKit;
		};
/* End PBXContainerItemProxy section */

/* Begin PBXCopyFilesBuildPhase section */
		F285514922C34F0E00D9D094 /* Embed Frameworks */ = {
			isa = PBXCopyFilesBuildPhase;
			buildActionMask = 2147483647;
			dstPath = "";
			dstSubfolderSpec = 10;
			files = (
				F285514C22C362DA00D9D094 /* SwiftExtensions.framework in Embed Frameworks */,
				F2A07D0222FD0D4000A99104 /* NewebPayKit.framework in Embed Frameworks */,
			);
			name = "Embed Frameworks";
			runOnlyForDeploymentPostprocessing = 0;
		};
/* End PBXCopyFilesBuildPhase section */

/* Begin PBXFileReference section */
		0FB5D518FD01652F95BE1B09 /* Pods-CreditCard.debug.xcconfig */ = {isa = PBXFileReference; includeInIndex = 1; lastKnownFileType = text.xcconfig; name = "Pods-CreditCard.debug.xcconfig"; path = "Target Support Files/Pods-CreditCard/Pods-CreditCard.debug.xcconfig"; sourceTree = "<group>"; };
		247F0787A4D7CAB43C129BC3 /* Pods-CreditCard.release.xcconfig */ = {isa = PBXFileReference; includeInIndex = 1; lastKnownFileType = text.xcconfig; name = "Pods-CreditCard.release.xcconfig"; path = "Target Support Files/Pods-CreditCard/Pods-CreditCard.release.xcconfig"; sourceTree = "<group>"; };
		39314AD97193E5723EDE2AFB /* Pods-CreditCardDemo.debug.xcconfig */ = {isa = PBXFileReference; includeInIndex = 1; lastKnownFileType = text.xcconfig; name = "Pods-CreditCardDemo.debug.xcconfig"; path = "Target Support Files/Pods-CreditCardDemo/Pods-CreditCardDemo.debug.xcconfig"; sourceTree = "<group>"; };
		4348922872895189F0356EE8 /* Pods-CreditCardDemo.release.xcconfig */ = {isa = PBXFileReference; includeInIndex = 1; lastKnownFileType = text.xcconfig; name = "Pods-CreditCardDemo.release.xcconfig"; path = "Target Support Files/Pods-CreditCardDemo/Pods-CreditCardDemo.release.xcconfig"; sourceTree = "<group>"; };
		55DEA278B4AA966D3170E4A3 /* Pods_NewebPayKit.framework */ = {isa = PBXFileReference; explicitFileType = wrapper.framework; includeInIndex = 0; path = Pods_NewebPayKit.framework; sourceTree = BUILT_PRODUCTS_DIR; };
		6C10B4AECC3DC95B7B699FE0 /* Pods_CreditCardDemo.framework */ = {isa = PBXFileReference; explicitFileType = wrapper.framework; includeInIndex = 0; path = Pods_CreditCardDemo.framework; sourceTree = BUILT_PRODUCTS_DIR; };
		A42E6A38008C0C0EC2FBCEC9 /* Pods-NewebPayKit.release.xcconfig */ = {isa = PBXFileReference; includeInIndex = 1; lastKnownFileType = text.xcconfig; name = "Pods-NewebPayKit.release.xcconfig"; path = "Target Support Files/Pods-NewebPayKit/Pods-NewebPayKit.release.xcconfig"; sourceTree = "<group>"; };
		D1BC26D1333D1F49BA704E73 /* Pods-NewebPayKit.debug.xcconfig */ = {isa = PBXFileReference; includeInIndex = 1; lastKnownFileType = text.xcconfig; name = "Pods-NewebPayKit.debug.xcconfig"; path = "Target Support Files/Pods-NewebPayKit/Pods-NewebPayKit.debug.xcconfig"; sourceTree = "<group>"; };
		F216884522C49E7D00FFE2D0 /* ArrayExtension.swift */ = {isa = PBXFileReference; lastKnownFileType = sourcecode.swift; path = ArrayExtension.swift; sourceTree = "<group>"; };
		F216884922C4B78B00FFE2D0 /* AnchorOperator.swift */ = {isa = PBXFileReference; fileEncoding = 4; lastKnownFileType = sourcecode.swift; path = AnchorOperator.swift; sourceTree = "<group>"; };
		F285512322C34EA500D9D094 /* CreditCardDemo.app */ = {isa = PBXFileReference; explicitFileType = wrapper.application; includeInIndex = 0; path = CreditCardDemo.app; sourceTree = BUILT_PRODUCTS_DIR; };
		F285512622C34EA500D9D094 /* AppDelegate.swift */ = {isa = PBXFileReference; lastKnownFileType = sourcecode.swift; path = AppDelegate.swift; sourceTree = "<group>"; };
		F285512822C34EA500D9D094 /* ViewController.swift */ = {isa = PBXFileReference; lastKnownFileType = sourcecode.swift; path = ViewController.swift; sourceTree = "<group>"; };
		F285512B22C34EA500D9D094 /* Base */ = {isa = PBXFileReference; lastKnownFileType = file.storyboard; name = Base; path = Base.lproj/Main.storyboard; sourceTree = "<group>"; };
		F285512D22C34EA900D9D094 /* Assets.xcassets */ = {isa = PBXFileReference; lastKnownFileType = folder.assetcatalog; path = Assets.xcassets; sourceTree = "<group>"; };
		F285513022C34EA900D9D094 /* Base */ = {isa = PBXFileReference; lastKnownFileType = file.storyboard; name = Base; path = Base.lproj/LaunchScreen.storyboard; sourceTree = "<group>"; };
		F285513222C34EA900D9D094 /* Info.plist */ = {isa = PBXFileReference; lastKnownFileType = text.plist.xml; path = Info.plist; sourceTree = "<group>"; };
		F285514A22C362DA00D9D094 /* SwiftExtensions.framework */ = {isa = PBXFileReference; lastKnownFileType = wrapper.framework; path = SwiftExtensions.framework; sourceTree = "<group>"; };
		F2A07CFA22FD0D4000A99104 /* NewebPayKit.framework */ = {isa = PBXFileReference; explicitFileType = wrapper.framework; includeInIndex = 0; path = NewebPayKit.framework; sourceTree = BUILT_PRODUCTS_DIR; };
		F2A07CFC22FD0D4000A99104 /* NewebPayKit.h */ = {isa = PBXFileReference; lastKnownFileType = sourcecode.c.h; path = NewebPayKit.h; sourceTree = "<group>"; };
		F2A07CFD22FD0D4000A99104 /* Info.plist */ = {isa = PBXFileReference; lastKnownFileType = text.plist.xml; path = Info.plist; sourceTree = "<group>"; };
		F2A07D0622FD0D6900A99104 /* Payment.swift */ = {isa = PBXFileReference; lastKnownFileType = sourcecode.swift; path = Payment.swift; sourceTree = "<group>"; };
		F2A07D0822FD0DB300A99104 /* NewebPayKitDefines.swift */ = {isa = PBXFileReference; lastKnownFileType = sourcecode.swift; path = NewebPayKitDefines.swift; sourceTree = "<group>"; };
		F2A07D0A22FD0F3700A99104 /* PaymentParameters.swift */ = {isa = PBXFileReference; lastKnownFileType = sourcecode.swift; path = PaymentParameters.swift; sourceTree = "<group>"; };
		F2A07D0C22FD0FBF00A99104 /* PaymentError.swift */ = {isa = PBXFileReference; lastKnownFileType = sourcecode.swift; path = PaymentError.swift; sourceTree = "<group>"; };
		F2A07D0E22FD0FF500A99104 /* DataKeeper.swift */ = {isa = PBXFileReference; lastKnownFileType = sourcecode.swift; path = DataKeeper.swift; sourceTree = "<group>"; };
		F2A07D1022FD10FB00A99104 /* PaymentRequestController.swift */ = {isa = PBXFileReference; lastKnownFileType = sourcecode.swift; path = PaymentRequestController.swift; sourceTree = "<group>"; };
		F2A07D1522FD125F00A99104 /* PaymentRequestControllerDelegate.swift */ = {isa = PBXFileReference; lastKnownFileType = sourcecode.swift; path = PaymentRequestControllerDelegate.swift; sourceTree = "<group>"; };
		F2A07D3222FD74C200A99104 /* StringExtension.swift */ = {isa = PBXFileReference; lastKnownFileType = sourcecode.swift; path = StringExtension.swift; sourceTree = "<group>"; };
		F2A07D3722FD775600A99104 /* Base */ = {isa = PBXFileReference; lastKnownFileType = text; name = Base; path = Base.lproj/Localizable.string; sourceTree = "<group>"; };
		F2A07D3922FD777F00A99104 /* zh-Hant */ = {isa = PBXFileReference; lastKnownFileType = text; name = "zh-Hant"; path = "zh-Hant.lproj/Localizable.string"; sourceTree = "<group>"; };
		F2A07D3B22FD778700A99104 /* en */ = {isa = PBXFileReference; lastKnownFileType = text; name = en; path = en.lproj/Localizable.string; sourceTree = "<group>"; };
		FBCE5F0B4FDF48EB998B168B /* Pods_CreditCard.framework */ = {isa = PBXFileReference; explicitFileType = wrapper.framework; includeInIndex = 0; path = Pods_CreditCard.framework; sourceTree = BUILT_PRODUCTS_DIR; };
/* End PBXFileReference section */

/* Begin PBXFrameworksBuildPhase section */
		F285512022C34EA500D9D094 /* Frameworks */ = {
			isa = PBXFrameworksBuildPhase;
			buildActionMask = 2147483647;
			files = (
				F2A07D0122FD0D4000A99104 /* NewebPayKit.framework in Frameworks */,
				F285514B22C362DA00D9D094 /* SwiftExtensions.framework in Frameworks */,
				550A495D66C8C32D119D24FB /* Pods_CreditCardDemo.framework in Frameworks */,
			);
			runOnlyForDeploymentPostprocessing = 0;
		};
		F2A07CF722FD0D4000A99104 /* Frameworks */ = {
			isa = PBXFrameworksBuildPhase;
			buildActionMask = 2147483647;
			files = (
				FCD46D48617B1CA675865C7A /* Pods_NewebPayKit.framework in Frameworks */,
			);
			runOnlyForDeploymentPostprocessing = 0;
		};
/* End PBXFrameworksBuildPhase section */

/* Begin PBXGroup section */
		5C0D7D2A065587E900CF6F5A /* Pods */ = {
			isa = PBXGroup;
			children = (
				0FB5D518FD01652F95BE1B09 /* Pods-CreditCard.debug.xcconfig */,
				247F0787A4D7CAB43C129BC3 /* Pods-CreditCard.release.xcconfig */,
				39314AD97193E5723EDE2AFB /* Pods-CreditCardDemo.debug.xcconfig */,
				4348922872895189F0356EE8 /* Pods-CreditCardDemo.release.xcconfig */,
				D1BC26D1333D1F49BA704E73 /* Pods-NewebPayKit.debug.xcconfig */,
				A42E6A38008C0C0EC2FBCEC9 /* Pods-NewebPayKit.release.xcconfig */,
			);
			path = Pods;
			sourceTree = "<group>";
		};
		BC1CC20358D959258A125B39 /* Frameworks */ = {
			isa = PBXGroup;
			children = (
				F285514A22C362DA00D9D094 /* SwiftExtensions.framework */,
				FBCE5F0B4FDF48EB998B168B /* Pods_CreditCard.framework */,
				6C10B4AECC3DC95B7B699FE0 /* Pods_CreditCardDemo.framework */,
				55DEA278B4AA966D3170E4A3 /* Pods_NewebPayKit.framework */,
			);
			name = Frameworks;
			sourceTree = "<group>";
		};
		F2205FAE2300F2C700EEA748 /* Resource files */ = {
			isa = PBXGroup;
			children = (
				F2A07D3822FD775600A99104 /* Localizable.string */,
				F2A07CFD22FD0D4000A99104 /* Info.plist */,
			);
			name = "Resource files";
			sourceTree = "<group>";
		};
		F285511A22C34EA500D9D094 = {
			isa = PBXGroup;
			children = (
				F2A07CFB22FD0D4000A99104 /* NewebPayKit */,
				F285512522C34EA500D9D094 /* CreditCardDemo */,
				F285512422C34EA500D9D094 /* Products */,
				5C0D7D2A065587E900CF6F5A /* Pods */,
				BC1CC20358D959258A125B39 /* Frameworks */,
			);
			sourceTree = "<group>";
		};
		F285512422C34EA500D9D094 /* Products */ = {
			isa = PBXGroup;
			children = (
				F285512322C34EA500D9D094 /* CreditCardDemo.app */,
				F2A07CFA22FD0D4000A99104 /* NewebPayKit.framework */,
			);
			name = Products;
			sourceTree = "<group>";
		};
		F285512522C34EA500D9D094 /* CreditCardDemo */ = {
			isa = PBXGroup;
			children = (
				F285512622C34EA500D9D094 /* AppDelegate.swift */,
				F285512822C34EA500D9D094 /* ViewController.swift */,
				F285512A22C34EA500D9D094 /* Main.storyboard */,
				F285512D22C34EA900D9D094 /* Assets.xcassets */,
				F285512F22C34EA900D9D094 /* LaunchScreen.storyboard */,
				F285513222C34EA900D9D094 /* Info.plist */,
			);
			path = CreditCardDemo;
			sourceTree = "<group>";
		};
		F2A07CFB22FD0D4000A99104 /* NewebPayKit */ = {
			isa = PBXGroup;
			children = (
				F2A07D1222FD11E200A99104 /* Extensions */,
				F2A07CFC22FD0D4000A99104 /* NewebPayKit.h */,
				F2A07D0E22FD0FF500A99104 /* DataKeeper.swift */,
				F2A07D0822FD0DB300A99104 /* NewebPayKitDefines.swift */,
				F2A07D0622FD0D6900A99104 /* Payment.swift */,
				F2A07D0C22FD0FBF00A99104 /* PaymentError.swift */,
				F2A07D0A22FD0F3700A99104 /* PaymentParameters.swift */,
				F2A07D1022FD10FB00A99104 /* PaymentRequestController.swift */,
				F2A07D1522FD125F00A99104 /* PaymentRequestControllerDelegate.swift */,
				F2205FAE2300F2C700EEA748 /* Resource files */,
			);
			path = NewebPayKit;
			sourceTree = "<group>";
		};
		F2A07D1222FD11E200A99104 /* Extensions */ = {
			isa = PBXGroup;
			children = (
				F216884922C4B78B00FFE2D0 /* AnchorOperator.swift */,
				F216884522C49E7D00FFE2D0 /* ArrayExtension.swift */,
				F2A07D3222FD74C200A99104 /* StringExtension.swift */,
			);
			path = Extensions;
			sourceTree = "<group>";
		};
/* End PBXGroup section */

/* Begin PBXHeadersBuildPhase section */
		F2A07CF522FD0D4000A99104 /* Headers */ = {
			isa = PBXHeadersBuildPhase;
			buildActionMask = 2147483647;
			files = (
				F2A07CFE22FD0D4000A99104 /* NewebPayKit.h in Headers */,
			);
			runOnlyForDeploymentPostprocessing = 0;
		};
/* End PBXHeadersBuildPhase section */

/* Begin PBXNativeTarget section */
		F285512222C34EA500D9D094 /* CreditCardDemo */ = {
			isa = PBXNativeTarget;
			buildConfigurationList = F285513522C34EA900D9D094 /* Build configuration list for PBXNativeTarget "CreditCardDemo" */;
			buildPhases = (
				7B15F62BAC8506B0F54EBF6F /* [CP] Check Pods Manifest.lock */,
				F285511F22C34EA500D9D094 /* Sources */,
				F285512022C34EA500D9D094 /* Frameworks */,
				F285512122C34EA500D9D094 /* Resources */,
				F285514922C34F0E00D9D094 /* Embed Frameworks */,
				FE5F07635E0B7702372394A0 /* [CP] Embed Pods Frameworks */,
			);
			buildRules = (
			);
			dependencies = (
				F2A07D0022FD0D4000A99104 /* PBXTargetDependency */,
			);
			name = CreditCardDemo;
			productName = CreditCardDemo;
			productReference = F285512322C34EA500D9D094 /* CreditCardDemo.app */;
			productType = "com.apple.product-type.application";
		};
		F2A07CF922FD0D4000A99104 /* NewebPayKit */ = {
			isa = PBXNativeTarget;
			buildConfigurationList = F2A07D0522FD0D4000A99104 /* Build configuration list for PBXNativeTarget "NewebPayKit" */;
			buildPhases = (
				CA54183ED84444377493CF66 /* [CP] Check Pods Manifest.lock */,
				F2A07CF522FD0D4000A99104 /* Headers */,
				F2A07CF622FD0D4000A99104 /* Sources */,
				F2A07CF722FD0D4000A99104 /* Frameworks */,
				F2A07CF822FD0D4000A99104 /* Resources */,
			);
			buildRules = (
			);
			dependencies = (
			);
			name = NewebPayKit;
			productName = NewebPayKit;
			productReference = F2A07CFA22FD0D4000A99104 /* NewebPayKit.framework */;
			productType = "com.apple.product-type.framework";
		};
/* End PBXNativeTarget section */

/* Begin PBXProject section */
		F285511B22C34EA500D9D094 /* Project object */ = {
			isa = PBXProject;
			attributes = {
				LastSwiftUpdateCheck = 1020;
				LastUpgradeCheck = 1020;
				ORGANIZATIONNAME = Fulldot;
				TargetAttributes = {
					F285512222C34EA500D9D094 = {
						CreatedOnToolsVersion = 10.2.1;
					};
					F2A07CF922FD0D4000A99104 = {
						CreatedOnToolsVersion = 10.3;
						LastSwiftMigration = 1030;
					};
				};
			};
			buildConfigurationList = F285511E22C34EA500D9D094 /* Build configuration list for PBXProject "CreditCardDemo" */;
			compatibilityVersion = "Xcode 9.3";
			developmentRegion = en;
			hasScannedForEncodings = 0;
			knownRegions = (
				en,
				Base,
				"zh-Hant",
			);
			mainGroup = F285511A22C34EA500D9D094;
			productRefGroup = F285512422C34EA500D9D094 /* Products */;
			projectDirPath = "";
			projectRoot = "";
			targets = (
				F285512222C34EA500D9D094 /* CreditCardDemo */,
				F2A07CF922FD0D4000A99104 /* NewebPayKit */,
			);
		};
/* End PBXProject section */

/* Begin PBXResourcesBuildPhase section */
		F285512122C34EA500D9D094 /* Resources */ = {
			isa = PBXResourcesBuildPhase;
			buildActionMask = 2147483647;
			files = (
				F285513122C34EA900D9D094 /* LaunchScreen.storyboard in Resources */,
				F285512E22C34EA900D9D094 /* Assets.xcassets in Resources */,
				F285512C22C34EA500D9D094 /* Main.storyboard in Resources */,
			);
			runOnlyForDeploymentPostprocessing = 0;
		};
		F2A07CF822FD0D4000A99104 /* Resources */ = {
			isa = PBXResourcesBuildPhase;
			buildActionMask = 2147483647;
			files = (
				F2A07D3A22FD778500A99104 /* Localizable.string in Resources */,
			);
			runOnlyForDeploymentPostprocessing = 0;
		};
/* End PBXResourcesBuildPhase section */

/* Begin PBXShellScriptBuildPhase section */
		7B15F62BAC8506B0F54EBF6F /* [CP] Check Pods Manifest.lock */ = {
			isa = PBXShellScriptBuildPhase;
			buildActionMask = 2147483647;
			files = (
			);
			inputFileListPaths = (
			);
			inputPaths = (
				"${PODS_PODFILE_DIR_PATH}/Podfile.lock",
				"${PODS_ROOT}/Manifest.lock",
			);
			name = "[CP] Check Pods Manifest.lock";
			outputFileListPaths = (
			);
			outputPaths = (
				"$(DERIVED_FILE_DIR)/Pods-CreditCardDemo-checkManifestLockResult.txt",
			);
			runOnlyForDeploymentPostprocessing = 0;
			shellPath = /bin/sh;
			shellScript = "diff \"${PODS_PODFILE_DIR_PATH}/Podfile.lock\" \"${PODS_ROOT}/Manifest.lock\" > /dev/null\nif [ $? != 0 ] ; then\n    # print error to STDERR\n    echo \"error: The sandbox is not in sync with the Podfile.lock. Run 'pod install' or update your CocoaPods installation.\" >&2\n    exit 1\nfi\n# This output is used by Xcode 'outputs' to avoid re-running this script phase.\necho \"SUCCESS\" > \"${SCRIPT_OUTPUT_FILE_0}\"\n";
			showEnvVarsInLog = 0;
		};
		CA54183ED84444377493CF66 /* [CP] Check Pods Manifest.lock */ = {
			isa = PBXShellScriptBuildPhase;
			buildActionMask = 2147483647;
			files = (
			);
			inputFileListPaths = (
			);
			inputPaths = (
				"${PODS_PODFILE_DIR_PATH}/Podfile.lock",
				"${PODS_ROOT}/Manifest.lock",
			);
			name = "[CP] Check Pods Manifest.lock";
			outputFileListPaths = (
			);
			outputPaths = (
				"$(DERIVED_FILE_DIR)/Pods-NewebPayKit-checkManifestLockResult.txt",
			);
			runOnlyForDeploymentPostprocessing = 0;
			shellPath = /bin/sh;
			shellScript = "diff \"${PODS_PODFILE_DIR_PATH}/Podfile.lock\" \"${PODS_ROOT}/Manifest.lock\" > /dev/null\nif [ $? != 0 ] ; then\n    # print error to STDERR\n    echo \"error: The sandbox is not in sync with the Podfile.lock. Run 'pod install' or update your CocoaPods installation.\" >&2\n    exit 1\nfi\n# This output is used by Xcode 'outputs' to avoid re-running this script phase.\necho \"SUCCESS\" > \"${SCRIPT_OUTPUT_FILE_0}\"\n";
			showEnvVarsInLog = 0;
		};
		FE5F07635E0B7702372394A0 /* [CP] Embed Pods Frameworks */ = {
			isa = PBXShellScriptBuildPhase;
			buildActionMask = 2147483647;
			files = (
			);
			inputFileListPaths = (
				"${PODS_ROOT}/Target Support Files/Pods-CreditCardDemo/Pods-CreditCardDemo-frameworks-${CONFIGURATION}-input-files.xcfilelist",
			);
			name = "[CP] Embed Pods Frameworks";
			outputFileListPaths = (
				"${PODS_ROOT}/Target Support Files/Pods-CreditCardDemo/Pods-CreditCardDemo-frameworks-${CONFIGURATION}-output-files.xcfilelist",
			);
			runOnlyForDeploymentPostprocessing = 0;
			shellPath = /bin/sh;
			shellScript = "\"${PODS_ROOT}/Target Support Files/Pods-CreditCardDemo/Pods-CreditCardDemo-frameworks.sh\"\n";
			showEnvVarsInLog = 0;
		};
/* End PBXShellScriptBuildPhase section */

/* Begin PBXSourcesBuildPhase section */
		F285511F22C34EA500D9D094 /* Sources */ = {
			isa = PBXSourcesBuildPhase;
			buildActionMask = 2147483647;
			files = (
				F285512922C34EA500D9D094 /* ViewController.swift in Sources */,
				F285512722C34EA500D9D094 /* AppDelegate.swift in Sources */,
			);
			runOnlyForDeploymentPostprocessing = 0;
		};
		F2A07CF622FD0D4000A99104 /* Sources */ = {
			isa = PBXSourcesBuildPhase;
			buildActionMask = 2147483647;
			files = (
				F2A07D0922FD0DB300A99104 /* NewebPayKitDefines.swift in Sources */,
				F2A07D0D22FD0FBF00A99104 /* PaymentError.swift in Sources */,
				F2A07D3322FD74C200A99104 /* StringExtension.swift in Sources */,
				F2A07D0B22FD0F3700A99104 /* PaymentParameters.swift in Sources */,
				F2A07D1822FD157300A99104 /* ArrayExtension.swift in Sources */,
				F2A07D0F22FD0FF500A99104 /* DataKeeper.swift in Sources */,
				F2A07D1622FD125F00A99104 /* PaymentRequestControllerDelegate.swift in Sources */,
				F2A07D1122FD10FB00A99104 /* PaymentRequestController.swift in Sources */,
				F2A07D1722FD156F00A99104 /* AnchorOperator.swift in Sources */,
				F2A07D0722FD0D6900A99104 /* Payment.swift in Sources */,
			);
			runOnlyForDeploymentPostprocessing = 0;
		};
/* End PBXSourcesBuildPhase section */

/* Begin PBXTargetDependency section */
		F2A07D0022FD0D4000A99104 /* PBXTargetDependency */ = {
			isa = PBXTargetDependency;
			target = F2A07CF922FD0D4000A99104 /* NewebPayKit */;
			targetProxy = F2A07CFF22FD0D4000A99104 /* PBXContainerItemProxy */;
		};
/* End PBXTargetDependency section */

/* Begin PBXVariantGroup section */
		F285512A22C34EA500D9D094 /* Main.storyboard */ = {
			isa = PBXVariantGroup;
			children = (
				F285512B22C34EA500D9D094 /* Base */,
			);
			name = Main.storyboard;
			sourceTree = "<group>";
		};
		F285512F22C34EA900D9D094 /* LaunchScreen.storyboard */ = {
			isa = PBXVariantGroup;
			children = (
				F285513022C34EA900D9D094 /* Base */,
			);
			name = LaunchScreen.storyboard;
			sourceTree = "<group>";
		};
		F2A07D3822FD775600A99104 /* Localizable.string */ = {
			isa = PBXVariantGroup;
			children = (
				F2A07D3722FD775600A99104 /* Base */,
				F2A07D3922FD777F00A99104 /* zh-Hant */,
				F2A07D3B22FD778700A99104 /* en */,
			);
			name = Localizable.string;
			sourceTree = "<group>";
		};
/* End PBXVariantGroup section */

/* Begin XCBuildConfiguration section */
		F285513322C34EA900D9D094 /* Debug */ = {
			isa = XCBuildConfiguration;
			buildSettings = {
				ALWAYS_SEARCH_USER_PATHS = NO;
				CLANG_ANALYZER_LOCALIZABILITY_NONLOCALIZED = YES;
				CLANG_ANALYZER_NONNULL = YES;
				CLANG_ANALYZER_NUMBER_OBJECT_CONVERSION = YES_AGGRESSIVE;
				CLANG_CXX_LANGUAGE_STANDARD = "gnu++14";
				CLANG_CXX_LIBRARY = "libc++";
				CLANG_ENABLE_MODULES = YES;
				CLANG_ENABLE_OBJC_ARC = YES;
				CLANG_ENABLE_OBJC_WEAK = YES;
				CLANG_WARN_BLOCK_CAPTURE_AUTORELEASING = YES;
				CLANG_WARN_BOOL_CONVERSION = YES;
				CLANG_WARN_COMMA = YES;
				CLANG_WARN_CONSTANT_CONVERSION = YES;
				CLANG_WARN_DEPRECATED_OBJC_IMPLEMENTATIONS = YES;
				CLANG_WARN_DIRECT_OBJC_ISA_USAGE = YES_ERROR;
				CLANG_WARN_DOCUMENTATION_COMMENTS = YES;
				CLANG_WARN_EMPTY_BODY = YES;
				CLANG_WARN_ENUM_CONVERSION = YES;
				CLANG_WARN_INFINITE_RECURSION = YES;
				CLANG_WARN_INT_CONVERSION = YES;
				CLANG_WARN_NON_LITERAL_NULL_CONVERSION = YES;
				CLANG_WARN_OBJC_IMPLICIT_RETAIN_SELF = YES;
				CLANG_WARN_OBJC_LITERAL_CONVERSION = YES;
				CLANG_WARN_OBJC_ROOT_CLASS = YES_ERROR;
				CLANG_WARN_RANGE_LOOP_ANALYSIS = YES;
				CLANG_WARN_STRICT_PROTOTYPES = YES;
				CLANG_WARN_SUSPICIOUS_MOVE = YES;
				CLANG_WARN_UNGUARDED_AVAILABILITY = YES_AGGRESSIVE;
				CLANG_WARN_UNREACHABLE_CODE = YES;
				CLANG_WARN__DUPLICATE_METHOD_MATCH = YES;
				CODE_SIGN_IDENTITY = "iPhone Developer";
				COPY_PHASE_STRIP = NO;
				DEBUG_INFORMATION_FORMAT = dwarf;
				ENABLE_STRICT_OBJC_MSGSEND = YES;
				ENABLE_TESTABILITY = YES;
				GCC_C_LANGUAGE_STANDARD = gnu11;
				GCC_DYNAMIC_NO_PIC = NO;
				GCC_NO_COMMON_BLOCKS = YES;
				GCC_OPTIMIZATION_LEVEL = 0;
				GCC_PREPROCESSOR_DEFINITIONS = (
					"DEBUG=1",
					"$(inherited)",
				);
				GCC_WARN_64_TO_32_BIT_CONVERSION = YES;
				GCC_WARN_ABOUT_RETURN_TYPE = YES_ERROR;
				GCC_WARN_UNDECLARED_SELECTOR = YES;
				GCC_WARN_UNINITIALIZED_AUTOS = YES_AGGRESSIVE;
				GCC_WARN_UNUSED_FUNCTION = YES;
				GCC_WARN_UNUSED_VARIABLE = YES;
				IPHONEOS_DEPLOYMENT_TARGET = 12.2;
				MTL_ENABLE_DEBUG_INFO = INCLUDE_SOURCE;
				MTL_FAST_MATH = YES;
				ONLY_ACTIVE_ARCH = YES;
				SDKROOT = iphoneos;
				SWIFT_ACTIVE_COMPILATION_CONDITIONS = DEBUG;
				SWIFT_OPTIMIZATION_LEVEL = "-Onone";
			};
			name = Debug;
		};
		F285513422C34EA900D9D094 /* Release */ = {
			isa = XCBuildConfiguration;
			buildSettings = {
				ALWAYS_SEARCH_USER_PATHS = NO;
				CLANG_ANALYZER_LOCALIZABILITY_NONLOCALIZED = YES;
				CLANG_ANALYZER_NONNULL = YES;
				CLANG_ANALYZER_NUMBER_OBJECT_CONVERSION = YES_AGGRESSIVE;
				CLANG_CXX_LANGUAGE_STANDARD = "gnu++14";
				CLANG_CXX_LIBRARY = "libc++";
				CLANG_ENABLE_MODULES = YES;
				CLANG_ENABLE_OBJC_ARC = YES;
				CLANG_ENABLE_OBJC_WEAK = YES;
				CLANG_WARN_BLOCK_CAPTURE_AUTORELEASING = YES;
				CLANG_WARN_BOOL_CONVERSION = YES;
				CLANG_WARN_COMMA = YES;
				CLANG_WARN_CONSTANT_CONVERSION = YES;
				CLANG_WARN_DEPRECATED_OBJC_IMPLEMENTATIONS = YES;
				CLANG_WARN_DIRECT_OBJC_ISA_USAGE = YES_ERROR;
				CLANG_WARN_DOCUMENTATION_COMMENTS = YES;
				CLANG_WARN_EMPTY_BODY = YES;
				CLANG_WARN_ENUM_CONVERSION = YES;
				CLANG_WARN_INFINITE_RECURSION = YES;
				CLANG_WARN_INT_CONVERSION = YES;
				CLANG_WARN_NON_LITERAL_NULL_CONVERSION = YES;
				CLANG_WARN_OBJC_IMPLICIT_RETAIN_SELF = YES;
				CLANG_WARN_OBJC_LITERAL_CONVERSION = YES;
				CLANG_WARN_OBJC_ROOT_CLASS = YES_ERROR;
				CLANG_WARN_RANGE_LOOP_ANALYSIS = YES;
				CLANG_WARN_STRICT_PROTOTYPES = YES;
				CLANG_WARN_SUSPICIOUS_MOVE = YES;
				CLANG_WARN_UNGUARDED_AVAILABILITY = YES_AGGRESSIVE;
				CLANG_WARN_UNREACHABLE_CODE = YES;
				CLANG_WARN__DUPLICATE_METHOD_MATCH = YES;
				CODE_SIGN_IDENTITY = "iPhone Developer";
				COPY_PHASE_STRIP = NO;
				DEBUG_INFORMATION_FORMAT = "dwarf-with-dsym";
				ENABLE_NS_ASSERTIONS = NO;
				ENABLE_STRICT_OBJC_MSGSEND = YES;
				GCC_C_LANGUAGE_STANDARD = gnu11;
				GCC_NO_COMMON_BLOCKS = YES;
				GCC_WARN_64_TO_32_BIT_CONVERSION = YES;
				GCC_WARN_ABOUT_RETURN_TYPE = YES_ERROR;
				GCC_WARN_UNDECLARED_SELECTOR = YES;
				GCC_WARN_UNINITIALIZED_AUTOS = YES_AGGRESSIVE;
				GCC_WARN_UNUSED_FUNCTION = YES;
				GCC_WARN_UNUSED_VARIABLE = YES;
				IPHONEOS_DEPLOYMENT_TARGET = 12.2;
				MTL_ENABLE_DEBUG_INFO = NO;
				MTL_FAST_MATH = YES;
				SDKROOT = iphoneos;
				SWIFT_COMPILATION_MODE = wholemodule;
				SWIFT_OPTIMIZATION_LEVEL = "-O";
				VALIDATE_PRODUCT = YES;
			};
			name = Release;
		};
		F285513622C34EA900D9D094 /* Debug */ = {
			isa = XCBuildConfiguration;
			baseConfigurationReference = 39314AD97193E5723EDE2AFB /* Pods-CreditCardDemo.debug.xcconfig */;
			buildSettings = {
				ALWAYS_EMBED_SWIFT_STANDARD_LIBRARIES = YES;
				ASSETCATALOG_COMPILER_APPICON_NAME = AppIcon;
				CODE_SIGN_STYLE = Automatic;
				DEVELOPMENT_TEAM = 5WQUAK9AHW;
				FRAMEWORK_SEARCH_PATHS = (
					"$(inherited)",
					"$(PROJECT_DIR)",
				);
				INFOPLIST_FILE = CreditCardDemo/Info.plist;
				IPHONEOS_DEPLOYMENT_TARGET = 10.0;
				LD_RUNPATH_SEARCH_PATHS = (
					"$(inherited)",
					"@executable_path/Frameworks",
				);
				PRODUCT_BUNDLE_IDENTIFIER = tw.com.fugui.CreditCardDemo;
				PRODUCT_NAME = "$(TARGET_NAME)";
				SWIFT_VERSION = 5.0;
				TARGETED_DEVICE_FAMILY = "1,2";
			};
			name = Debug;
		};
		F285513722C34EA900D9D094 /* Release */ = {
			isa = XCBuildConfiguration;
			baseConfigurationReference = 4348922872895189F0356EE8 /* Pods-CreditCardDemo.release.xcconfig */;
			buildSettings = {
				ALWAYS_EMBED_SWIFT_STANDARD_LIBRARIES = YES;
				ASSETCATALOG_COMPILER_APPICON_NAME = AppIcon;
				CODE_SIGN_STYLE = Automatic;
				DEVELOPMENT_TEAM = 5WQUAK9AHW;
				FRAMEWORK_SEARCH_PATHS = (
					"$(inherited)",
					"$(PROJECT_DIR)",
				);
				INFOPLIST_FILE = CreditCardDemo/Info.plist;
				IPHONEOS_DEPLOYMENT_TARGET = 10.0;
				LD_RUNPATH_SEARCH_PATHS = (
					"$(inherited)",
					"@executable_path/Frameworks",
				);
				PRODUCT_BUNDLE_IDENTIFIER = tw.com.fugui.CreditCardDemo;
				PRODUCT_NAME = "$(TARGET_NAME)";
				SWIFT_VERSION = 5.0;
				TARGETED_DEVICE_FAMILY = "1,2";
			};
			name = Release;
		};
		F2A07D0322FD0D4000A99104 /* Debug */ = {
			isa = XCBuildConfiguration;
			baseConfigurationReference = D1BC26D1333D1F49BA704E73 /* Pods-NewebPayKit.debug.xcconfig */;
			buildSettings = {
				CLANG_ENABLE_MODULES = YES;
				CODE_SIGN_IDENTITY = "";
				CODE_SIGN_STYLE = Automatic;
				CURRENT_PROJECT_VERSION = 1;
				DEFINES_MODULE = YES;
				DEVELOPMENT_TEAM = "";
				DYLIB_COMPATIBILITY_VERSION = 1;
				DYLIB_CURRENT_VERSION = 1;
				DYLIB_INSTALL_NAME_BASE = "@rpath";
				INFOPLIST_FILE = NewebPayKit/Info.plist;
				INSTALL_PATH = "$(LOCAL_LIBRARY_DIR)/Frameworks";
				IPHONEOS_DEPLOYMENT_TARGET = 10.0;
				LD_RUNPATH_SEARCH_PATHS = (
					"$(inherited)",
					"@executable_path/Frameworks",
					"@loader_path/Frameworks",
				);
				PRODUCT_BUNDLE_IDENTIFIER = tw.com.darktt.NewebPayKit;
				PRODUCT_NAME = "$(TARGET_NAME:c99extidentifier)";
				SKIP_INSTALL = YES;
				SWIFT_OPTIMIZATION_LEVEL = "-Onone";
				SWIFT_VERSION = 5.0;
				TARGETED_DEVICE_FAMILY = "1,2";
				VERSIONING_SYSTEM = "apple-generic";
				VERSION_INFO_PREFIX = "";
			};
			name = Debug;
		};
		F2A07D0422FD0D4000A99104 /* Release */ = {
			isa = XCBuildConfiguration;
			baseConfigurationReference = A42E6A38008C0C0EC2FBCEC9 /* Pods-NewebPayKit.release.xcconfig */;
			buildSettings = {
				CLANG_ENABLE_MODULES = YES;
				CODE_SIGN_IDENTITY = "";
				CODE_SIGN_STYLE = Automatic;
				CURRENT_PROJECT_VERSION = 1;
				DEFINES_MODULE = YES;
				DEVELOPMENT_TEAM = "";
				DYLIB_COMPATIBILITY_VERSION = 1;
				DYLIB_CURRENT_VERSION = 1;
				DYLIB_INSTALL_NAME_BASE = "@rpath";
				INFOPLIST_FILE = NewebPayKit/Info.plist;
				INSTALL_PATH = "$(LOCAL_LIBRARY_DIR)/Frameworks";
				IPHONEOS_DEPLOYMENT_TARGET = 10.0;
				LD_RUNPATH_SEARCH_PATHS = (
					"$(inherited)",
					"@executable_path/Frameworks",
					"@loader_path/Frameworks",
				);
				PRODUCT_BUNDLE_IDENTIFIER = tw.com.darktt.NewebPayKit;
				PRODUCT_NAME = "$(TARGET_NAME:c99extidentifier)";
				SKIP_INSTALL = YES;
				SWIFT_VERSION = 5.0;
				TARGETED_DEVICE_FAMILY = "1,2";
				VERSIONING_SYSTEM = "apple-generic";
				VERSION_INFO_PREFIX = "";
			};
			name = Release;
		};
/* End XCBuildConfiguration section */

/* Begin XCConfigurationList section */
		F285511E22C34EA500D9D094 /* Build configuration list for PBXProject "CreditCardDemo" */ = {
			isa = XCConfigurationList;
			buildConfigurations = (
				F285513322C34EA900D9D094 /* Debug */,
				F285513422C34EA900D9D094 /* Release */,
			);
			defaultConfigurationIsVisible = 0;
			defaultConfigurationName = Release;
		};
		F285513522C34EA900D9D094 /* Build configuration list for PBXNativeTarget "CreditCardDemo" */ = {
			isa = XCConfigurationList;
			buildConfigurations = (
				F285513622C34EA900D9D094 /* Debug */,
				F285513722C34EA900D9D094 /* Release */,
			);
			defaultConfigurationIsVisible = 0;
			defaultConfigurationName = Release;
		};
		F2A07D0522FD0D4000A99104 /* Build configuration list for PBXNativeTarget "NewebPayKit" */ = {
			isa = XCConfigurationList;
			buildConfigurations = (
				F2A07D0322FD0D4000A99104 /* Debug */,
				F2A07D0422FD0D4000A99104 /* Release */,
			);
			defaultConfigurationIsVisible = 0;
			defaultConfigurationName = Release;
		};
/* End XCConfigurationList section */
	};
	rootObject = F285511B22C34EA500D9D094 /* Project object */;
}
